
Microsoft Visual Studio Solution File, Format Version 12.00
# Visual Studio 14
VisualStudioVersion = 14.0.23107.0
MinimumVisualStudioVersion = 10.0.40219.1
Project("{FAE04EC0-301F-11D3-BF4B-00C04F79EFBC}") = "MctsLib", "MctsLib\MctsLib.csproj", "{562F1D71-9BB5-4B5C-BA39-F49D935C2EAF}"
EndProject
Global
	GlobalSection(SolutionConfigurationPlatforms) = preSolution
		Debug|Any CPU = Debug|Any CPU
		Release|Any CPU = Release|Any CPU
	EndGlobalSection
	GlobalSection(ProjectConfigurationPlatforms) = postSolution
		{562F1D71-9BB5-4B5C-BA39-F49D935C2EAF}.Debug|Any CPU.ActiveCfg = Debug|Any CPU
		{562F1D71-9BB5-4B5C-BA39-F49D935C2EAF}.Debug|Any CPU.Build.0 = Debug|Any CPU
		{562F1D71-9BB5-4B5C-BA39-F49D935C2EAF}.Release|Any CPU.ActiveCfg = Release|Any CPU
		{562F1D71-9BB5-4B5C-BA39-F49D935C2EAF}.Release|Any CPU.Build.0 = Release|Any CPU
	EndGlobalSection
	GlobalSection(SolutionProperties) = preSolution
		HideSolutionNode = FALSE
	EndGlobalSection
EndGlobal
