
Microsoft Visual Studio Solution File, Format Version 12.00
# Visual Studio 15
VisualStudioVersion = 15.0.26403.7
MinimumVisualStudioVersion = 10.0.40219.1
Project("{FAE04EC0-301F-11D3-BF4B-00C04F79EFBC}") = "MctsLib", "MctsLib\MctsLib.csproj", "{91D55DD5-126B-4795-AF9A-18EB745297E0}"
EndProject
Project("{FAE04EC0-301F-11D3-BF4B-00C04F79EFBC}") = "Tests", "Tests\Tests.csproj", "{6625B605-CABE-49B0-BF95-D414BAF76B52}"
EndProject
Project("{FAE04EC0-301F-11D3-BF4B-00C04F79EFBC}") = "GomokuApp", "GomokuApp\GomokuApp.csproj", "{29FAC4D3-12CE-4F7B-8206-18BA7AF66912}"
EndProject
Global
	GlobalSection(SolutionConfigurationPlatforms) = preSolution
		Debug|Any CPU = Debug|Any CPU
		Release|Any CPU = Release|Any CPU
	EndGlobalSection
	GlobalSection(ProjectConfigurationPlatforms) = postSolution
		{91D55DD5-126B-4795-AF9A-18EB745297E0}.Debug|Any CPU.ActiveCfg = Debug|Any CPU
		{91D55DD5-126B-4795-AF9A-18EB745297E0}.Debug|Any CPU.Build.0 = Debug|Any CPU
		{91D55DD5-126B-4795-AF9A-18EB745297E0}.Release|Any CPU.ActiveCfg = Release|Any CPU
		{91D55DD5-126B-4795-AF9A-18EB745297E0}.Release|Any CPU.Build.0 = Release|Any CPU
		{6625B605-CABE-49B0-BF95-D414BAF76B52}.Debug|Any CPU.ActiveCfg = Debug|Any CPU
		{6625B605-CABE-49B0-BF95-D414BAF76B52}.Debug|Any CPU.Build.0 = Debug|Any CPU
		{6625B605-CABE-49B0-BF95-D414BAF76B52}.Release|Any CPU.ActiveCfg = Release|Any CPU
		{6625B605-CABE-49B0-BF95-D414BAF76B52}.Release|Any CPU.Build.0 = Release|Any CPU
		{29FAC4D3-12CE-4F7B-8206-18BA7AF66912}.Debug|Any CPU.ActiveCfg = Debug|Any CPU
		{29FAC4D3-12CE-4F7B-8206-18BA7AF66912}.Debug|Any CPU.Build.0 = Debug|Any CPU
		{29FAC4D3-12CE-4F7B-8206-18BA7AF66912}.Release|Any CPU.ActiveCfg = Release|Any CPU
		{29FAC4D3-12CE-4F7B-8206-18BA7AF66912}.Release|Any CPU.Build.0 = Release|Any CPU
	EndGlobalSection
	GlobalSection(SolutionProperties) = preSolution
		HideSolutionNode = FALSE
	EndGlobalSection
EndGlobal
